
Microsoft Visual Studio Solution File, Format Version 12.00
# Visual Studio Version 16
VisualStudioVersion = 16.0.29509.3
MinimumVisualStudioVersion = 10.0.40219.1
Project("{FAE04EC0-301F-11D3-BF4B-00C04F79EFBC}") = "VaultsAndVampires", "VaultsAndVampires\VaultsAndVampires.csproj", "{37AD69F3-881D-408E-ABCB-FA3B5F2D39EF}"
EndProject
Global
	GlobalSection(SolutionConfigurationPlatforms) = preSolution
		Debug|Any CPU = Debug|Any CPU
		Release|Any CPU = Release|Any CPU
	EndGlobalSection
	GlobalSection(ProjectConfigurationPlatforms) = postSolution
		{37AD69F3-881D-408E-ABCB-FA3B5F2D39EF}.Debug|Any CPU.ActiveCfg = Debug|Any CPU
		{37AD69F3-881D-408E-ABCB-FA3B5F2D39EF}.Debug|Any CPU.Build.0 = Debug|Any CPU
		{37AD69F3-881D-408E-ABCB-FA3B5F2D39EF}.Release|Any CPU.ActiveCfg = Release|Any CPU
		{37AD69F3-881D-408E-ABCB-FA3B5F2D39EF}.Release|Any CPU.Build.0 = Release|Any CPU
	EndGlobalSection
	GlobalSection(SolutionProperties) = preSolution
		HideSolutionNode = FALSE
	EndGlobalSection
	GlobalSection(ExtensibilityGlobals) = postSolution
		SolutionGuid = {23D4DD0F-228F-479C-AEEB-56A8CF749858}
	EndGlobalSection
EndGlobal
